
Microsoft Visual Studio Solution File, Format Version 12.00
# Visual Studio Version 17
VisualStudioVersion = 17.14.36121.58
MinimumVisualStudioVersion = 10.0.40219.1
Project("{FAE04EC0-301F-11D3-BF4B-00C04F79EFBC}") = "BookReadingManager.API", "BooksAPI\BookReadingManager.API.csproj", "{D26B3947-668E-4008-B2DB-5EA425FA01E9}"
EndProject
Project("{FAE04EC0-301F-11D3-BF4B-00C04F79EFBC}") = "BookReadingManager.Domain", "BookReadingManager.Domain\BookReadingManager.Domain.csproj", "{704D1726-38CB-4B14-AECE-CD72124AC305}"
EndProject
Project("{FAE04EC0-301F-11D3-BF4B-00C04F79EFBC}") = "BookReadingManager.Application", "BookTrackr.Application\BookReadingManager.Application.csproj", "{8D83D8E4-C451-4B41-B42E-2B69C367C86A}"
EndProject
Project("{FAE04EC0-301F-11D3-BF4B-00C04F79EFBC}") = "BookReadingManager.Infrastructure", "BookTrackr.Infrastructure\BookReadingManager.Infrastructure.csproj", "{B14FB5A9-E067-460A-A4D1-15951C3A64CD}"
EndProject
Global
	GlobalSection(SolutionConfigurationPlatforms) = preSolution
		Debug|Any CPU = Debug|Any CPU
		Release|Any CPU = Release|Any CPU
	EndGlobalSection
	GlobalSection(ProjectConfigurationPlatforms) = postSolution
		{D26B3947-668E-4008-B2DB-5EA425FA01E9}.Debug|Any CPU.ActiveCfg = Debug|Any CPU
		{D26B3947-668E-4008-B2DB-5EA425FA01E9}.Debug|Any CPU.Build.0 = Debug|Any CPU
		{D26B3947-668E-4008-B2DB-5EA425FA01E9}.Release|Any CPU.ActiveCfg = Release|Any CPU
		{D26B3947-668E-4008-B2DB-5EA425FA01E9}.Release|Any CPU.Build.0 = Release|Any CPU
		{704D1726-38CB-4B14-AECE-CD72124AC305}.Debug|Any CPU.ActiveCfg = Debug|Any CPU
		{704D1726-38CB-4B14-AECE-CD72124AC305}.Debug|Any CPU.Build.0 = Debug|Any CPU
		{704D1726-38CB-4B14-AECE-CD72124AC305}.Release|Any CPU.ActiveCfg = Release|Any CPU
		{704D1726-38CB-4B14-AECE-CD72124AC305}.Release|Any CPU.Build.0 = Release|Any CPU
		{8D83D8E4-C451-4B41-B42E-2B69C367C86A}.Debug|Any CPU.ActiveCfg = Debug|Any CPU
		{8D83D8E4-C451-4B41-B42E-2B69C367C86A}.Debug|Any CPU.Build.0 = Debug|Any CPU
		{8D83D8E4-C451-4B41-B42E-2B69C367C86A}.Release|Any CPU.ActiveCfg = Release|Any CPU
		{8D83D8E4-C451-4B41-B42E-2B69C367C86A}.Release|Any CPU.Build.0 = Release|Any CPU
		{B14FB5A9-E067-460A-A4D1-15951C3A64CD}.Debug|Any CPU.ActiveCfg = Debug|Any CPU
		{B14FB5A9-E067-460A-A4D1-15951C3A64CD}.Debug|Any CPU.Build.0 = Debug|Any CPU
		{B14FB5A9-E067-460A-A4D1-15951C3A64CD}.Release|Any CPU.ActiveCfg = Release|Any CPU
		{B14FB5A9-E067-460A-A4D1-15951C3A64CD}.Release|Any CPU.Build.0 = Release|Any CPU
	EndGlobalSection
	GlobalSection(SolutionProperties) = preSolution
		HideSolutionNode = FALSE
	EndGlobalSection
	GlobalSection(ExtensibilityGlobals) = postSolution
		SolutionGuid = {3FC104D2-FB39-4649-BDC9-19165B421EBA}
	EndGlobalSection
EndGlobal
